
Microsoft Visual Studio Solution File, Format Version 12.00
Project("{FAE04EC0-301F-11D3-BF4B-00C04F79EFBC}") = "SequenceMediaDownloader", "SequenceMediaDownloader\SequenceMediaDownloader.csproj", "{ADB3A33C-4E6E-401B-8F1D-550AD5F79C2B}"
EndProject
Global
	GlobalSection(SolutionConfigurationPlatforms) = preSolution
		Debug|Any CPU = Debug|Any CPU
		Release|Any CPU = Release|Any CPU
	EndGlobalSection
	GlobalSection(ProjectConfigurationPlatforms) = postSolution
		{ADB3A33C-4E6E-401B-8F1D-550AD5F79C2B}.Debug|Any CPU.ActiveCfg = Debug|Any CPU
		{ADB3A33C-4E6E-401B-8F1D-550AD5F79C2B}.Debug|Any CPU.Build.0 = Debug|Any CPU
		{ADB3A33C-4E6E-401B-8F1D-550AD5F79C2B}.Release|Any CPU.ActiveCfg = Release|Any CPU
		{ADB3A33C-4E6E-401B-8F1D-550AD5F79C2B}.Release|Any CPU.Build.0 = Release|Any CPU
	EndGlobalSection
EndGlobal
